
Microsoft Visual Studio Solution File, Format Version 12.00
# Visual Studio Version 17
VisualStudioVersion = 17.3.32819.101
MinimumVisualStudioVersion = 10.0.40219.1
Project("{FAE04EC0-301F-11D3-BF4B-00C04F79EFBC}") = "MandelbrotSet", "MandelbrotSet\MandelbrotSet.csproj", "{7E7F9637-4F11-46F7-9EA2-6680F7E0641F}"
EndProject
Project("{FAE04EC0-301F-11D3-BF4B-00C04F79EFBC}") = "ClassLibrary", "ClassLibrary\ClassLibrary.csproj", "{A6ADF57F-7524-4AF9-9488-A2DDD99D5093}"
EndProject
Global
	GlobalSection(SolutionConfigurationPlatforms) = preSolution
		Debug|Any CPU = Debug|Any CPU
		Release|Any CPU = Release|Any CPU
	EndGlobalSection
	GlobalSection(ProjectConfigurationPlatforms) = postSolution
		{7E7F9637-4F11-46F7-9EA2-6680F7E0641F}.Debug|Any CPU.ActiveCfg = Debug|Any CPU
		{7E7F9637-4F11-46F7-9EA2-6680F7E0641F}.Debug|Any CPU.Build.0 = Debug|Any CPU
		{7E7F9637-4F11-46F7-9EA2-6680F7E0641F}.Release|Any CPU.ActiveCfg = Release|Any CPU
		{7E7F9637-4F11-46F7-9EA2-6680F7E0641F}.Release|Any CPU.Build.0 = Release|Any CPU
		{A6ADF57F-7524-4AF9-9488-A2DDD99D5093}.Debug|Any CPU.ActiveCfg = Debug|Any CPU
		{A6ADF57F-7524-4AF9-9488-A2DDD99D5093}.Debug|Any CPU.Build.0 = Debug|Any CPU
		{A6ADF57F-7524-4AF9-9488-A2DDD99D5093}.Release|Any CPU.ActiveCfg = Release|Any CPU
		{A6ADF57F-7524-4AF9-9488-A2DDD99D5093}.Release|Any CPU.Build.0 = Release|Any CPU
	EndGlobalSection
	GlobalSection(SolutionProperties) = preSolution
		HideSolutionNode = FALSE
	EndGlobalSection
	GlobalSection(ExtensibilityGlobals) = postSolution
		SolutionGuid = {EEF9F4E5-DF80-4AA4-A586-7C01539F69D5}
	EndGlobalSection
EndGlobal
